{
    "_readme": [
        "This file locks the dependencies of your project to a known state",
        "Read more about it at http://getcomposer.org/doc/01-basic-usage.md#composer-lock-the-lock-file"
    ],
    "hash": "79a16e883d2e19b3b444aee78f6c6a36",
    "packages": [
        {
            "name": "browscap/browscap-php",
            "version": "dev-master",
            "source": {
                "type": "git",
                "url": "https://github.com/browscap/browscap-php.git",
                "reference": "f0b5882a3e7c3ec275646290daca8775599de71b"
            },
            "dist": {
                "type": "zip",
                "url": "https://api.github.com/repos/browscap/browscap-php/zipball/f0b5882a3e7c3ec275646290daca8775599de71b",
                "reference": "f0b5882a3e7c3ec275646290daca8775599de71b",
                "shasum": ""
            },
            "require": {
                "php": ">=5.3.0"
            },
            "require-dev": {
                "phpunit/phpunit": "*"
            },
            "type": "library",
            "extra": {
                "branch-alias": {
                    "dev-master": "1.0.x-dev"
                }
            },
            "autoload": {
                "psr-0": {
                    "phpbrowscap": "src/"
                }
            },
            "notification-url": "https://packagist.org/downloads/",
            "license": [
                "MIT"
            ],
            "authors": [
                {
                    "name": "Jonathan Stoppani",
                    "email": "jonathan.stoppani@gmail.com"
                }
            ],
            "description": "Standalone replacement for php's native get_browser() function",
            "homepage": "https://github.com/browscap/browscap-php",
            "keywords": [
                "browser",
                "capabilities",
                "get_browser",
                "user agent"
            ],
            "time": "2013-09-14 20:33:36"
        },
        {
            "name": "riimu/kit-classloader",
            "version": "v2.0.0",
            "source": {
                "type": "git",
                "url": "https://github.com/Riimu/Kit-ClassLoader.git",
                "reference": "364e0d7967c62d4496eb70f694e068f1fd582c4d"
            },
            "dist": {
                "type": "zip",
                "url": "https://api.github.com/repos/Riimu/Kit-ClassLoader/zipball/364e0d7967c62d4496eb70f694e068f1fd582c4d",
                "reference": "364e0d7967c62d4496eb70f694e068f1fd582c4d",
                "shasum": ""
            },
            "require": {
                "php": ">=5.4.0"
            },
            "type": "library",
            "autoload": {
                "psr-0": {
                    "Riimu\\Kit\\ClassLoader": "src"
                }
            },
            "notification-url": "https://packagist.org/downloads/",
            "license": [
                "MIT"
            ],
            "authors": [
                {
                    "name": "Riikka Kalliomäki",
                    "email": "riikka.kalliomaki@gmail.com",
                    "homepage": "http://riimu.net",
                    "role": "Developer"
                }
            ],
            "description": "Class autoloading with support for PSR-0 autoloading",
            "keywords": [
                "autoloading",
                "psr-0"
            ],
            "time": "2013-03-20 13:54:59"
        },
        {
            "name": "riimu/kit-urlparser",
            "version": "v1.0.0",
            "source": {
                "type": "git",
                "url": "https://github.com/Riimu/Kit-UrlParser.git",
                "reference": "dde5eb58ebaf59226dfe5eb2066b13901aef8b65"
            },
            "dist": {
                "type": "zip",
                "url": "https://api.github.com/repos/Riimu/Kit-UrlParser/zipball/dde5eb58ebaf59226dfe5eb2066b13901aef8b65",
                "reference": "dde5eb58ebaf59226dfe5eb2066b13901aef8b65",
                "shasum": ""
            },
            "require": {
                "php": ">=5.4.0"
            },
            "type": "library",
            "autoload": {
                "psr-0": {
                    "Riimu\\Kit\\UrlParser": "src"
                }
            },
            "notification-url": "https://packagist.org/downloads/",
            "license": [
                "MIT"
            ],
            "authors": [
                {
                    "name": "Riikka Kalliomäki",
                    "email": "riikka.kalliomaki@gmail.com",
                    "homepage": "http://riimu.net",
                    "role": "Developer"
                }
            ],
            "description": "RFC 3986 compliant url parsing library",
            "keywords": [
                "parsing",
                "rfc3986",
                "url"
            ],
            "time": "2013-10-21 18:59:58"
        }
    ],
    "packages-dev": [

    ],
    "aliases": [

    ],
    "minimum-stability": "stable",
    "stability-flags": {
        "browscap/browscap-php": 20
    },
    "platform": {
        "php": ">=5.4.0"
    },
    "platform-dev": [

    ]
}
